schema: '2.0'
stages:
  train:
    cmd: train/train.sh kieran4 kokieran man 228 1e-06 2160
    params:
      params.yaml:
        class_count: 228
        class_prompt: man
        instance_dir: kieran4
        instance_prompt: kokieran
        learning_rate: 1e-06
        training_steps: 2160
    outs:
    - path: data/model/2160
      md5: bdf113dbfbce618a495c7736f4fb85f6.dir
      size: 4266985408
      nfiles: 13
  infer:
    cmd: infer/infer.py 2160
    deps:
    - path: data/model/2160
      md5: bdf113dbfbce618a495c7736f4fb85f6.dir
      size: 4266985408
      nfiles: 13
    outs:
    - path: output
      md5: 86f5434cad32a92704c065092a59db57.dir
      size: 9038753
      nfiles: 1
  evaluate:
    cmd: infer/infer.py 10
    deps:
    - path: data/model/10
      md5: bf6ecc76507ee962ce456e724e57a91d.dir
      size: 4276362916
      nfiles: 14
